
Microsoft Visual Studio Solution File, Format Version 12.00
# Visual Studio Version 17
VisualStudioVersion = 17.0.31903.59
MinimumVisualStudioVersion = 10.0.40219.1
Project("{2150E333-8FDC-42A3-9474-1A3956D46DE8}") = "src", "src", "{4125F8C3-79DB-41C4-9EF2-3797FF01C420}"
EndProject
Project("{FAE04EC0-301F-11D3-BF4B-00C04F79EFBC}") = "DotMatrix.Cli", "src\DotMatrix.Cli\DotMatrix.Cli.csproj", "{1B3552C0-EA21-4033-A6BE-3D5B709AFC56}"
EndProject
Project("{FAE04EC0-301F-11D3-BF4B-00C04F79EFBC}") = "DotMatrix.Core", "src\DotMatrix.Core\DotMatrix.Core.csproj", "{FF9F4559-9E42-48DD-A345-83D5FE7358FA}"
EndProject
Global
	GlobalSection(SolutionConfigurationPlatforms) = preSolution
		Debug|Any CPU = Debug|Any CPU
		Release|Any CPU = Release|Any CPU
	EndGlobalSection
	GlobalSection(SolutionProperties) = preSolution
		HideSolutionNode = FALSE
	EndGlobalSection
	GlobalSection(ProjectConfigurationPlatforms) = postSolution
		{1B3552C0-EA21-4033-A6BE-3D5B709AFC56}.Debug|Any CPU.ActiveCfg = Debug|Any CPU
		{1B3552C0-EA21-4033-A6BE-3D5B709AFC56}.Debug|Any CPU.Build.0 = Debug|Any CPU
		{1B3552C0-EA21-4033-A6BE-3D5B709AFC56}.Release|Any CPU.ActiveCfg = Release|Any CPU
		{1B3552C0-EA21-4033-A6BE-3D5B709AFC56}.Release|Any CPU.Build.0 = Release|Any CPU
		{FF9F4559-9E42-48DD-A345-83D5FE7358FA}.Debug|Any CPU.ActiveCfg = Debug|Any CPU
		{FF9F4559-9E42-48DD-A345-83D5FE7358FA}.Debug|Any CPU.Build.0 = Debug|Any CPU
		{FF9F4559-9E42-48DD-A345-83D5FE7358FA}.Release|Any CPU.ActiveCfg = Release|Any CPU
		{FF9F4559-9E42-48DD-A345-83D5FE7358FA}.Release|Any CPU.Build.0 = Release|Any CPU
	EndGlobalSection
	GlobalSection(NestedProjects) = preSolution
		{1B3552C0-EA21-4033-A6BE-3D5B709AFC56} = {4125F8C3-79DB-41C4-9EF2-3797FF01C420}
		{FF9F4559-9E42-48DD-A345-83D5FE7358FA} = {4125F8C3-79DB-41C4-9EF2-3797FF01C420}
	EndGlobalSection
EndGlobal
