
Microsoft Visual Studio Solution File, Format Version 12.00
# 
Project("{FAE04EC0-301F-11D3-BF4B-00C04F79EFBC}") = "DotMatrix.MonoGame", "DotMatrix.MonoGame\DotMatrix.MonoGame.csproj", "{A39DB41B-5757-46BD-93C6-6447040402F2}"
EndProject
Project("{FAE04EC0-301F-11D3-BF4B-00C04F79EFBC}") = "DotMatrix.Core", "DotMatrix.Core\DotMatrix.Core.csproj", "{C2C9D697-F78C-4537-A7FB-804B79D2B852}"
EndProject
Project("{FAE04EC0-301F-11D3-BF4B-00C04F79EFBC}") = "DotMatrix.Cli", "DotMatrix.Cli\DotMatrix.Cli.csproj", "{504F3E04-B50E-4D13-9E5A-C68BE3BCD8B5}"
EndProject
Project("{FAE04EC0-301F-11D3-BF4B-00C04F79EFBC}") = "DotMatrix.BlazorWasm", "DotMatrix.BlazorWasm\DotMatrix.BlazorWasm.csproj", "{9D9F8CCC-3091-4408-8786-EE77363F50A7}"
EndProject
Global
	GlobalSection(SolutionConfigurationPlatforms) = preSolution
		Debug|Any CPU = Debug|Any CPU
		Release|Any CPU = Release|Any CPU
	EndGlobalSection
	GlobalSection(ProjectConfigurationPlatforms) = postSolution
		{A39DB41B-5757-46BD-93C6-6447040402F2}.Debug|Any CPU.ActiveCfg = Debug|Any CPU
		{A39DB41B-5757-46BD-93C6-6447040402F2}.Debug|Any CPU.Build.0 = Debug|Any CPU
		{A39DB41B-5757-46BD-93C6-6447040402F2}.Release|Any CPU.ActiveCfg = Release|Any CPU
		{A39DB41B-5757-46BD-93C6-6447040402F2}.Release|Any CPU.Build.0 = Release|Any CPU
		{C2C9D697-F78C-4537-A7FB-804B79D2B852}.Debug|Any CPU.ActiveCfg = Debug|Any CPU
		{C2C9D697-F78C-4537-A7FB-804B79D2B852}.Debug|Any CPU.Build.0 = Debug|Any CPU
		{C2C9D697-F78C-4537-A7FB-804B79D2B852}.Release|Any CPU.ActiveCfg = Release|Any CPU
		{C2C9D697-F78C-4537-A7FB-804B79D2B852}.Release|Any CPU.Build.0 = Release|Any CPU
		{504F3E04-B50E-4D13-9E5A-C68BE3BCD8B5}.Debug|Any CPU.ActiveCfg = Debug|Any CPU
		{504F3E04-B50E-4D13-9E5A-C68BE3BCD8B5}.Debug|Any CPU.Build.0 = Debug|Any CPU
		{504F3E04-B50E-4D13-9E5A-C68BE3BCD8B5}.Release|Any CPU.ActiveCfg = Release|Any CPU
		{504F3E04-B50E-4D13-9E5A-C68BE3BCD8B5}.Release|Any CPU.Build.0 = Release|Any CPU
		{9D9F8CCC-3091-4408-8786-EE77363F50A7}.Debug|Any CPU.ActiveCfg = Debug|Any CPU
		{9D9F8CCC-3091-4408-8786-EE77363F50A7}.Debug|Any CPU.Build.0 = Debug|Any CPU
		{9D9F8CCC-3091-4408-8786-EE77363F50A7}.Release|Any CPU.ActiveCfg = Release|Any CPU
		{9D9F8CCC-3091-4408-8786-EE77363F50A7}.Release|Any CPU.Build.0 = Release|Any CPU
	EndGlobalSection
EndGlobal
